
Microsoft Visual Studio Solution File, Format Version 12.00
# Visual Studio Version 17
VisualStudioVersion = 17.4.33205.214
MinimumVisualStudioVersion = 10.0.40219.1
Project("{FAE04EC0-301F-11D3-BF4B-00C04F79EFBC}") = "DataAccess", "DataAccess\DataAccess.csproj", "{A4F1F967-445E-4FF9-95F9-0E10FD2D0AB5}"
EndProject
Project("{FAE04EC0-301F-11D3-BF4B-00C04F79EFBC}") = "Business", "Business\Business.csproj", "{994BA751-4B09-4000-A230-4D677F4232D1}"
EndProject
Project("{FAE04EC0-301F-11D3-BF4B-00C04F79EFBC}") = "Entities", "Entities\Entities.csproj", "{69343DE6-70AA-44F7-8D37-C1959963E44D}"
EndProject
Project("{FAE04EC0-301F-11D3-BF4B-00C04F79EFBC}") = "ConsoleUI", "ConsoleUI\ConsoleUI.csproj", "{EC178BF1-5FD7-41F6-B8D7-867CF4386ACD}"
EndProject
Global
	GlobalSection(SolutionConfigurationPlatforms) = preSolution
		Debug|Any CPU = Debug|Any CPU
		Release|Any CPU = Release|Any CPU
	EndGlobalSection
	GlobalSection(ProjectConfigurationPlatforms) = postSolution
		{A4F1F967-445E-4FF9-95F9-0E10FD2D0AB5}.Debug|Any CPU.ActiveCfg = Debug|Any CPU
		{A4F1F967-445E-4FF9-95F9-0E10FD2D0AB5}.Debug|Any CPU.Build.0 = Debug|Any CPU
		{A4F1F967-445E-4FF9-95F9-0E10FD2D0AB5}.Release|Any CPU.ActiveCfg = Release|Any CPU
		{A4F1F967-445E-4FF9-95F9-0E10FD2D0AB5}.Release|Any CPU.Build.0 = Release|Any CPU
		{994BA751-4B09-4000-A230-4D677F4232D1}.Debug|Any CPU.ActiveCfg = Debug|Any CPU
		{994BA751-4B09-4000-A230-4D677F4232D1}.Debug|Any CPU.Build.0 = Debug|Any CPU
		{994BA751-4B09-4000-A230-4D677F4232D1}.Release|Any CPU.ActiveCfg = Release|Any CPU
		{994BA751-4B09-4000-A230-4D677F4232D1}.Release|Any CPU.Build.0 = Release|Any CPU
		{69343DE6-70AA-44F7-8D37-C1959963E44D}.Debug|Any CPU.ActiveCfg = Debug|Any CPU
		{69343DE6-70AA-44F7-8D37-C1959963E44D}.Debug|Any CPU.Build.0 = Debug|Any CPU
		{69343DE6-70AA-44F7-8D37-C1959963E44D}.Release|Any CPU.ActiveCfg = Release|Any CPU
		{69343DE6-70AA-44F7-8D37-C1959963E44D}.Release|Any CPU.Build.0 = Release|Any CPU
		{EC178BF1-5FD7-41F6-B8D7-867CF4386ACD}.Debug|Any CPU.ActiveCfg = Debug|Any CPU
		{EC178BF1-5FD7-41F6-B8D7-867CF4386ACD}.Debug|Any CPU.Build.0 = Debug|Any CPU
		{EC178BF1-5FD7-41F6-B8D7-867CF4386ACD}.Release|Any CPU.ActiveCfg = Release|Any CPU
		{EC178BF1-5FD7-41F6-B8D7-867CF4386ACD}.Release|Any CPU.Build.0 = Release|Any CPU
	EndGlobalSection
	GlobalSection(SolutionProperties) = preSolution
		HideSolutionNode = FALSE
	EndGlobalSection
	GlobalSection(ExtensibilityGlobals) = postSolution
		SolutionGuid = {EF18B5DD-834E-4824-B41E-41F3E3373918}
	EndGlobalSection
EndGlobal
